
Microsoft Visual Studio Solution File, Format Version 12.00
# Visual Studio Version 16
VisualStudioVersion = 16.0.33529.622
MinimumVisualStudioVersion = 10.0.40219.1
Project("{FAE04EC0-301F-11D3-BF4B-00C04F79EFBC}") = "Aplikacja webowa - Football", "Aplikacja webowa - Football\Aplikacja webowa - Football.csproj", "{5FA49E7E-1E18-4BC7-B3E3-4AA1CA40645A}"
EndProject
Global
	GlobalSection(SolutionConfigurationPlatforms) = preSolution
		Debug|Any CPU = Debug|Any CPU
		Release|Any CPU = Release|Any CPU
	EndGlobalSection
	GlobalSection(ProjectConfigurationPlatforms) = postSolution
		{5FA49E7E-1E18-4BC7-B3E3-4AA1CA40645A}.Debug|Any CPU.ActiveCfg = Debug|Any CPU
		{5FA49E7E-1E18-4BC7-B3E3-4AA1CA40645A}.Debug|Any CPU.Build.0 = Debug|Any CPU
		{5FA49E7E-1E18-4BC7-B3E3-4AA1CA40645A}.Release|Any CPU.ActiveCfg = Release|Any CPU
		{5FA49E7E-1E18-4BC7-B3E3-4AA1CA40645A}.Release|Any CPU.Build.0 = Release|Any CPU
	EndGlobalSection
	GlobalSection(SolutionProperties) = preSolution
		HideSolutionNode = FALSE
	EndGlobalSection
	GlobalSection(ExtensibilityGlobals) = postSolution
		SolutionGuid = {9502AB6D-9C05-4F49-82A8-09DFE60D7634}
	EndGlobalSection
EndGlobal
